<?xml version="1.0" encoding="utf-8"?>
<Project ToolsVersion="4.0" xmlns="http://schemas.microsoft.com/developer/msbuild/2003">
  <ItemGroup>
    <Filter Include="Source Files">
      <UniqueIdentifier>{4FC737F1-C7A5-4376-A066-2A32D752A2FF}</UniqueIdentifier>
      <Extensions>cpp;c;cc;cxx;def;odl;idl;hpj;bat;asm;asmx</Extensions>
    </Filter>
    <Filter Include="Header Files">
      <UniqueIdentifier>{93995380-89BD-4b04-88EB-625FBE52EBFB}</UniqueIdentifier>
      <Extensions>h;hh;hpp;hxx;hm;inl;inc;xsd</Extensions>
    </Filter>
    <Filter Include="Resource Files">
      <UniqueIdentifier>{67DA6AB6-F800-4c08-8B7A-83BB121AAD01}</UniqueIdentifier>
      <Extensions>rc;ico;cur;bmp;dlg;rc2;rct;bin;rgs;gif;jpg;jpeg;jpe;resx;tiff;tif;png;wav;mfcribbon-ms</Extensions>
    </Filter>
    <Filter Include="Header Files\external">
      <UniqueIdentifier>{6993a52a-9e8a-49d5-80af-828bfec1da35}</UniqueIdentifier>
    </Filter>
    <Filter Include="Source Files\external">
      <UniqueIdentifier>{bc52f87f-b879-46c8-98b2-e761bcef933b}</UniqueIdentifier>
    </Filter>
    <Filter Include="Header Files\UI">
      <UniqueIdentifier>{09293f3d-cc45-407d-8c1b-1dee585f9f1f}</UniqueIdentifier>
    </Filter>
    <Filter Include="Source Files\UI">
      <UniqueIdentifier>{c701d88b-ddec-4f46-8485-208e8ff80fe1}</UniqueIdentifier>
    </Filter>
    <Filter Include="Header Files\Mesh">
      <UniqueIdentifier>{ca79cd08-7a77-463a-b90e-2c20b80301a7}</UniqueIdentifier>
    </Filter>
    <Filter Include="Header Files\Shader">
      <UniqueIdentifier>{a3d017b2-1402-442e-b883-ba63fb063372}</UniqueIdentifier>
    </Filter>
    <Filter Include="Source Files\Shader">
      <UniqueIdentifier>{ee8f0588-86ce-4d62-8537-63ce9caed6c1}</UniqueIdentifier>
    </Filter>
    <Filter Include="Source Files\Mesh">
      <UniqueIdentifier>{bd809e85-5253-4fa8-a6bf-a38c854ba3e7}</UniqueIdentifier>
    </Filter>
  </ItemGroup>
  <ItemGroup>
    <ClCompile Include="Main.cpp">
      <Filter>Source Files</Filter>
    </ClCompile>
    <ClCompile Include="Camera.cpp">
      <Filter>Source Files</Filter>
    </ClCompile>
    <ClCompile Include="Utils.cpp">
      <Filter>Source Files</Filter>
    </ClCompile>
    <ClCompile Include="Window.cpp">
      <Filter>Source Files\UI</Filter>
    </ClCompile>
    <ClCompile Include="Trackball.cpp">
      <Filter>Source Files\UI</Filter>
    </ClCompile>
    <ClCompile Include="Shader.cpp">
      <Filter>Source Files\Shader</Filter>
    </ClCompile>
    <ClCompile Include="ObjMesh.cpp">
      <Filter>Source Files\Mesh</Filter>
    </ClCompile>
    <ClCompile Include="GLSLCompiler.cpp">
      <Filter>Source Files\external</Filter>
    </ClCompile>
    <ClCompile Include="glext_win.cpp">
      <Filter>Source Files\external</Filter>
    </ClCompile>
    <ClCompile Include="Light.cpp">
      <Filter>Source Files</Filter>
    </ClCompile>
    <ClCompile Include="debug.cpp">
      <Filter>Source Files\external</Filter>
    </ClCompile>
  </ItemGroup>
  <ItemGroup>
    <ClInclude Include="Main.h">
      <Filter>Header Files</Filter>
    </ClInclude>
    <ClInclude Include="Camera.h">
      <Filter>Header Files</Filter>
    </ClInclude>
    <ClInclude Include="Utils.h">
      <Filter>Header Files</Filter>
    </ClInclude>
    <ClInclude Include="Paths.h">
      <Filter>Header Files</Filter>
    </ClInclude>
    <ClInclude Include="Window.h">
      <Filter>Header Files\UI</Filter>
    </ClInclude>
    <ClInclude Include="Trackball.h">
      <Filter>Header Files\UI</Filter>
    </ClInclude>
    <ClInclude Include="ObjMesh.h">
      <Filter>Header Files\Mesh</Filter>
    </ClInclude>
    <ClInclude Include="Shader.h">
      <Filter>Header Files\Shader</Filter>
    </ClInclude>
    <ClInclude Include="Obj.h">
      <Filter>Header Files\Mesh</Filter>
    </ClInclude>
    <ClInclude Include="Mesh.h">
      <Filter>Header Files\Mesh</Filter>
    </ClInclude>
    <ClInclude Include="Quad.h">
      <Filter>Header Files\Mesh</Filter>
    </ClInclude>
    <ClInclude Include="GLSLCompiler.h">
      <Filter>Header Files\external</Filter>
    </ClInclude>
    <ClInclude Include="glext_win.h">
      <Filter>Header Files\external</Filter>
    </ClInclude>
    <ClInclude Include="Transform.h">
      <Filter>Header Files\Mesh</Filter>
    </ClInclude>
    <ClInclude Include="Light.h">
      <Filter>Header Files</Filter>
    </ClInclude>
    <ClInclude Include="debug.h">
      <Filter>Header Files\external</Filter>
    </ClInclude>
    <ClInclude Include="LSPSM.h">
      <Filter>Header Files</Filter>
    </ClInclude>
    <ClInclude Include="AABB.h">
      <Filter>Header Files\Mesh</Filter>
    </ClInclude>
  </ItemGroup>
  <ItemGroup>
    <None Include="pass1.frag">
      <Filter>Resource Files</Filter>
    </None>
    <None Include="pass1.vert">
      <Filter>Resource Files</Filter>
    </None>
    <None Include="pass2.frag">
      <Filter>Resource Files</Filter>
    </None>
    <None Include="pass2.vert">
      <Filter>Resource Files</Filter>
    </None>
    <None Include="brdf.glsl">
      <Filter>Resource Files</Filter>
    </None>
    <None Include="PBRUtility.glsl">
      <Filter>Resource Files</Filter>
    </None>
    <None Include="utility.glsl">
      <Filter>Resource Files</Filter>
    </None>
    <None Include="PBR.frag">
      <Filter>Resource Files</Filter>
    </None>
    <None Include="PBR.vert">
      <Filter>Resource Files</Filter>
    </None>
    <None Include="smith.glsl">
      <Filter>Resource Files</Filter>
    </None>
    <None Include="PBR2.frag">
      <Filter>Resource Files</Filter>
    </None>
    <None Include="shadow.vert">
      <Filter>Resource Files</Filter>
    </None>
    <None Include="shadow.frag">
      <Filter>Resource Files</Filter>
    </None>
    <None Include="prev.frag">
      <Filter>Resource Files</Filter>
    </None>
    <None Include="prev.vert">
      <Filter>Resource Files</Filter>
    </None>
  </ItemGroup>
</Project>